
Microsoft Visual Studio Solution File, Format Version 12.00
# Visual Studio Version 16
VisualStudioVersion = 16.0.31313.79
MinimumVisualStudioVersion = 10.0.40219.1
Project("{9A19103F-16F7-4668-BE54-9A1E7A4F7556}") = "BookStore.App", "src\BookStoreApp\BookStore.App.csproj", "{63ECB594-B412-49E5-8F7C-EC0654A0155C}"
EndProject
Project("{FAE04EC0-301F-11D3-BF4B-00C04F79EFBC}") = "BookStore.Business", "src\BookStore.Business\BookStore.Business.csproj", "{ED712C0B-8253-4CC7-9950-2ED463DC1D2F}"
EndProject
Project("{FAE04EC0-301F-11D3-BF4B-00C04F79EFBC}") = "BookStore.Data", "src\BookStore.Data\BookStore.Data.csproj", "{11A8ECF2-18C6-4139-8A63-A5764C68623F}"
EndProject
Global
	GlobalSection(SolutionConfigurationPlatforms) = preSolution
		Debug|Any CPU = Debug|Any CPU
		Release|Any CPU = Release|Any CPU
	EndGlobalSection
	GlobalSection(ProjectConfigurationPlatforms) = postSolution
		{63ECB594-B412-49E5-8F7C-EC0654A0155C}.Debug|Any CPU.ActiveCfg = Debug|Any CPU
		{63ECB594-B412-49E5-8F7C-EC0654A0155C}.Debug|Any CPU.Build.0 = Debug|Any CPU
		{63ECB594-B412-49E5-8F7C-EC0654A0155C}.Release|Any CPU.ActiveCfg = Release|Any CPU
		{63ECB594-B412-49E5-8F7C-EC0654A0155C}.Release|Any CPU.Build.0 = Release|Any CPU
		{ED712C0B-8253-4CC7-9950-2ED463DC1D2F}.Debug|Any CPU.ActiveCfg = Debug|Any CPU
		{ED712C0B-8253-4CC7-9950-2ED463DC1D2F}.Debug|Any CPU.Build.0 = Debug|Any CPU
		{ED712C0B-8253-4CC7-9950-2ED463DC1D2F}.Release|Any CPU.ActiveCfg = Release|Any CPU
		{ED712C0B-8253-4CC7-9950-2ED463DC1D2F}.Release|Any CPU.Build.0 = Release|Any CPU
		{11A8ECF2-18C6-4139-8A63-A5764C68623F}.Debug|Any CPU.ActiveCfg = Debug|Any CPU
		{11A8ECF2-18C6-4139-8A63-A5764C68623F}.Debug|Any CPU.Build.0 = Debug|Any CPU
		{11A8ECF2-18C6-4139-8A63-A5764C68623F}.Release|Any CPU.ActiveCfg = Release|Any CPU
		{11A8ECF2-18C6-4139-8A63-A5764C68623F}.Release|Any CPU.Build.0 = Release|Any CPU
	EndGlobalSection
	GlobalSection(SolutionProperties) = preSolution
		HideSolutionNode = FALSE
	EndGlobalSection
	GlobalSection(ExtensibilityGlobals) = postSolution
		SolutionGuid = {CC88A633-B90F-4CFC-B5D1-BE6FC0DDAE99}
	EndGlobalSection
EndGlobal
